
Microsoft Visual Studio Solution File, Format Version 12.00
# Visual Studio Version 17
VisualStudioVersion = 17.0.31903.59
MinimumVisualStudioVersion = 10.0.40219.1
Project("{FAE04EC0-301F-11D3-BF4B-00C04F79EFBC}") = "miilvFace", "miilvFace\miilvFace.csproj", "{4A5D11E0-3ECD-4DCB-9AAA-C65979638534}"
EndProject
Project("{FAE04EC0-301F-11D3-BF4B-00C04F79EFBC}") = "Application", "Application\Application.csproj", "{5A80D22E-AD70-4D36-A678-28EF455565C3}"
EndProject
Global
	GlobalSection(SolutionConfigurationPlatforms) = preSolution
		Debug|Any CPU = Debug|Any CPU
		Release|Any CPU = Release|Any CPU
	EndGlobalSection
	GlobalSection(SolutionProperties) = preSolution
		HideSolutionNode = FALSE
	EndGlobalSection
	GlobalSection(ProjectConfigurationPlatforms) = postSolution
		{4A5D11E0-3ECD-4DCB-9AAA-C65979638534}.Debug|Any CPU.ActiveCfg = Debug|Any CPU
		{4A5D11E0-3ECD-4DCB-9AAA-C65979638534}.Debug|Any CPU.Build.0 = Debug|Any CPU
		{4A5D11E0-3ECD-4DCB-9AAA-C65979638534}.Release|Any CPU.ActiveCfg = Release|Any CPU
		{4A5D11E0-3ECD-4DCB-9AAA-C65979638534}.Release|Any CPU.Build.0 = Release|Any CPU
		{5A80D22E-AD70-4D36-A678-28EF455565C3}.Debug|Any CPU.ActiveCfg = Debug|Any CPU
		{5A80D22E-AD70-4D36-A678-28EF455565C3}.Debug|Any CPU.Build.0 = Debug|Any CPU
		{5A80D22E-AD70-4D36-A678-28EF455565C3}.Release|Any CPU.ActiveCfg = Release|Any CPU
		{5A80D22E-AD70-4D36-A678-28EF455565C3}.Release|Any CPU.Build.0 = Release|Any CPU
	EndGlobalSection
EndGlobal
