
Microsoft Visual Studio Solution File, Format Version 12.00
# Visual Studio Version 17
VisualStudioVersion = 17.3.32922.545
MinimumVisualStudioVersion = 10.0.40219.1
Project("{FAE04EC0-301F-11D3-BF4B-00C04F79EFBC}") = "WpfApp", "WpfApp\WpfApp.csproj", "{66969254-BACC-4EDB-9DBC-612BF89BFD91}"
EndProject
Global
	GlobalSection(SolutionConfigurationPlatforms) = preSolution
		Debug|Any CPU = Debug|Any CPU
		Release|Any CPU = Release|Any CPU
	EndGlobalSection
	GlobalSection(ProjectConfigurationPlatforms) = postSolution
		{66969254-BACC-4EDB-9DBC-612BF89BFD91}.Debug|Any CPU.ActiveCfg = Debug|Any CPU
		{66969254-BACC-4EDB-9DBC-612BF89BFD91}.Debug|Any CPU.Build.0 = Debug|Any CPU
		{66969254-BACC-4EDB-9DBC-612BF89BFD91}.Release|Any CPU.ActiveCfg = Release|Any CPU
		{66969254-BACC-4EDB-9DBC-612BF89BFD91}.Release|Any CPU.Build.0 = Release|Any CPU
	EndGlobalSection
	GlobalSection(SolutionProperties) = preSolution
		HideSolutionNode = FALSE
	EndGlobalSection
	GlobalSection(ExtensibilityGlobals) = postSolution
		SolutionGuid = {CFB66F21-8FC4-4238-91D1-F541AC10828B}
	EndGlobalSection
EndGlobal
